// !$*UTF8*$!
{
	archiveVersion = 1;
	classes = {
	};
	objectVersion = 46;
	objects = {

/* Begin PBXBuildFile section */
		F82387861D9A871F00AC1E56 /* SymptomTableViewController.swift in Sources */ = {isa = PBXBuildFile; fileRef = F82387851D9A871F00AC1E56 /* SymptomTableViewController.swift */; };
		F85B04861D9A85D000D5F27D /* AppDelegate.swift in Sources */ = {isa = PBXBuildFile; fileRef = F85B04851D9A85D000D5F27D /* AppDelegate.swift */; };
		F85B04891D9A85D000D5F27D /* Clindecision.xcdatamodeld in Sources */ = {isa = PBXBuildFile; fileRef = F85B04871D9A85D000D5F27D /* Clindecision.xcdatamodeld */; };
		F85B048E1D9A85D000D5F27D /* Main.storyboard in Resources */ = {isa = PBXBuildFile; fileRef = F85B048C1D9A85D000D5F27D /* Main.storyboard */; };
		F85B04901D9A85D000D5F27D /* Images.xcassets in Resources */ = {isa = PBXBuildFile; fileRef = F85B048F1D9A85D000D5F27D /* Images.xcassets */; };
		F85B04931D9A85D000D5F27D /* LaunchScreen.xib in Resources */ = {isa = PBXBuildFile; fileRef = F85B04911D9A85D000D5F27D /* LaunchScreen.xib */; };
		F85B049F1D9A85D000D5F27D /* ClindecisionTests.swift in Sources */ = {isa = PBXBuildFile; fileRef = F85B049E1D9A85D000D5F27D /* ClindecisionTests.swift */; };
		F8E7EF4F1D9AE0D600558082 /* BradycardiaViewController.swift in Sources */ = {isa = PBXBuildFile; fileRef = F8E7EF4E1D9AE0D600558082 /* BradycardiaViewController.swift */; };
/* End PBXBuildFile section */

/* Begin PBXContainerItemProxy section */
		F85B04991D9A85D000D5F27D /* PBXContainerItemProxy */ = {
			isa = PBXContainerItemProxy;
			containerPortal = F85B04781D9A85D000D5F27D /* Project object */;
			proxyType = 1;
			remoteGlobalIDString = F85B047F1D9A85D000D5F27D;
			remoteInfo = Clindecision;
		};
/* End PBXContainerItemProxy section */

/* Begin PBXFileReference section */
		F82387851D9A871F00AC1E56 /* SymptomTableViewController.swift */ = {isa = PBXFileReference; fileEncoding = 4; lastKnownFileType = sourcecode.swift; name = SymptomTableViewController.swift; path = ../SymptomTableViewController.swift; sourceTree = "<group>"; };
		F85B04801D9A85D000D5F27D /* Clindecision.app */ = {isa = PBXFileReference; explicitFileType = wrapper.application; includeInIndex = 0; path = Clindecision.app; sourceTree = BUILT_PRODUCTS_DIR; };
		F85B04841D9A85D000D5F27D /* Info.plist */ = {isa = PBXFileReference; lastKnownFileType = text.plist.xml; path = Info.plist; sourceTree = "<group>"; };
		F85B04851D9A85D000D5F27D /* AppDelegate.swift */ = {isa = PBXFileReference; lastKnownFileType = sourcecode.swift; path = AppDelegate.swift; sourceTree = "<group>"; };
		F85B04881D9A85D000D5F27D /* Clindecision.xcdatamodel */ = {isa = PBXFileReference; lastKnownFileType = wrapper.xcdatamodel; path = Clindecision.xcdatamodel; sourceTree = "<group>"; };
		F85B048D1D9A85D000D5F27D /* Base */ = {isa = PBXFileReference; lastKnownFileType = file.storyboard; name = Base; path = Base.lproj/Main.storyboard; sourceTree = "<group>"; };
		F85B048F1D9A85D000D5F27D /* Images.xcassets */ = {isa = PBXFileReference; lastKnownFileType = folder.assetcatalog; path = Images.xcassets; sourceTree = "<group>"; };
		F85B04921D9A85D000D5F27D /* Base */ = {isa = PBXFileReference; lastKnownFileType = file.xib; name = Base; path = Base.lproj/LaunchScreen.xib; sourceTree = "<group>"; };
		F85B04981D9A85D000D5F27D /* ClindecisionTests.xctest */ = {isa = PBXFileReference; explicitFileType = wrapper.cfbundle; includeInIndex = 0; path = ClindecisionTests.xctest; sourceTree = BUILT_PRODUCTS_DIR; };
		F85B049D1D9A85D000D5F27D /* Info.plist */ = {isa = PBXFileReference; lastKnownFileType = text.plist.xml; path = Info.plist; sourceTree = "<group>"; };
		F85B049E1D9A85D000D5F27D /* ClindecisionTests.swift */ = {isa = PBXFileReference; lastKnownFileType = sourcecode.swift; path = ClindecisionTests.swift; sourceTree = "<group>"; };
		F8E7EF4E1D9AE0D600558082 /* BradycardiaViewController.swift */ = {isa = PBXFileReference; fileEncoding = 4; lastKnownFileType = sourcecode.swift; path = BradycardiaViewController.swift; sourceTree = "<group>"; };
/* End PBXFileReference section */

/* Begin PBXFrameworksBuildPhase section */
		F85B047D1D9A85D000D5F27D /* Frameworks */ = {
			isa = PBXFrameworksBuildPhase;
			buildActionMask = 2147483647;
			files = (
			);
			runOnlyForDeploymentPostprocessing = 0;
		};
		F85B04951D9A85D000D5F27D /* Frameworks */ = {
			isa = PBXFrameworksBuildPhase;
			buildActionMask = 2147483647;
			files = (
			);
			runOnlyForDeploymentPostprocessing = 0;
		};
/* End PBXFrameworksBuildPhase section */

/* Begin PBXGroup section */
		F85B04771D9A85D000D5F27D = {
			isa = PBXGroup;
			children = (
				F85B04821D9A85D000D5F27D /* Clindecision */,
				F85B049B1D9A85D000D5F27D /* ClindecisionTests */,
				F85B04811D9A85D000D5F27D /* Products */,
			);
			sourceTree = "<group>";
		};
		F85B04811D9A85D000D5F27D /* Products */ = {
			isa = PBXGroup;
			children = (
				F85B04801D9A85D000D5F27D /* Clindecision.app */,
				F85B04981D9A85D000D5F27D /* ClindecisionTests.xctest */,
			);
			name = Products;
			sourceTree = "<group>";
		};
		F85B04821D9A85D000D5F27D /* Clindecision */ = {
			isa = PBXGroup;
			children = (
				F82387851D9A871F00AC1E56 /* SymptomTableViewController.swift */,
				F85B048C1D9A85D000D5F27D /* Main.storyboard */,
				F8E7EF4E1D9AE0D600558082 /* BradycardiaViewController.swift */,
				F85B04831D9A85D000D5F27D /* Supporting Files */,
			);
			path = Clindecision;
			sourceTree = "<group>";
		};
		F85B04831D9A85D000D5F27D /* Supporting Files */ = {
			isa = PBXGroup;
			children = (
				F85B048F1D9A85D000D5F27D /* Images.xcassets */,
				F85B04851D9A85D000D5F27D /* AppDelegate.swift */,
				F85B04911D9A85D000D5F27D /* LaunchScreen.xib */,
				F85B04871D9A85D000D5F27D /* Clindecision.xcdatamodeld */,
				F85B04841D9A85D000D5F27D /* Info.plist */,
			);
			name = "Supporting Files";
			sourceTree = "<group>";
		};
		F85B049B1D9A85D000D5F27D /* ClindecisionTests */ = {
			isa = PBXGroup;
			children = (
				F85B049E1D9A85D000D5F27D /* ClindecisionTests.swift */,
				F85B049C1D9A85D000D5F27D /* Supporting Files */,
			);
			path = ClindecisionTests;
			sourceTree = "<group>";
		};
		F85B049C1D9A85D000D5F27D /* Supporting Files */ = {
			isa = PBXGroup;
			children = (
				F85B049D1D9A85D000D5F27D /* Info.plist */,
			);
			name = "Supporting Files";
			sourceTree = "<group>";
		};
/* End PBXGroup section */

/* Begin PBXNativeTarget section */
		F85B047F1D9A85D000D5F27D /* Clindecision */ = {
			isa = PBXNativeTarget;
			buildConfigurationList = F85B04A21D9A85D000D5F27D /* Build configuration list for PBXNativeTarget "Clindecision" */;
			buildPhases = (
				F85B047C1D9A85D000D5F27D /* Sources */,
				F85B047D1D9A85D000D5F27D /* Frameworks */,
				F85B047E1D9A85D000D5F27D /* Resources */,
			);
			buildRules = (
			);
			dependencies = (
			);
			name = Clindecision;
			productName = Clindecision;
			productReference = F85B04801D9A85D000D5F27D /* Clindecision.app */;
			productType = "com.apple.product-type.application";
		};
		F85B04971D9A85D000D5F27D /* ClindecisionTests */ = {
			isa = PBXNativeTarget;
			buildConfigurationList = F85B04A51D9A85D000D5F27D /* Build configuration list for PBXNativeTarget "ClindecisionTests" */;
			buildPhases = (
				F85B04941D9A85D000D5F27D /* Sources */,
				F85B04951D9A85D000D5F27D /* Frameworks */,
				F85B04961D9A85D000D5F27D /* Resources */,
			);
			buildRules = (
			);
			dependencies = (
				F85B049A1D9A85D000D5F27D /* PBXTargetDependency */,
			);
			name = ClindecisionTests;
			productName = ClindecisionTests;
			productReference = F85B04981D9A85D000D5F27D /* ClindecisionTests.xctest */;
			productType = "com.apple.product-type.bundle.unit-test";
		};
/* End PBXNativeTarget section */

/* Begin PBXProject section */
		F85B04781D9A85D000D5F27D /* Project object */ = {
			isa = PBXProject;
			attributes = {
				LastUpgradeCheck = 0640;
				ORGANIZATIONNAME = "Saurabh Sikka";
				TargetAttributes = {
					F85B047F1D9A85D000D5F27D = {
						CreatedOnToolsVersion = 6.4;
					};
					F85B04971D9A85D000D5F27D = {
						CreatedOnToolsVersion = 6.4;
						TestTargetID = F85B047F1D9A85D000D5F27D;
					};
				};
			};
			buildConfigurationList = F85B047B1D9A85D000D5F27D /* Build configuration list for PBXProject "Clindecision" */;
			compatibilityVersion = "Xcode 3.2";
			developmentRegion = English;
			hasScannedForEncodings = 0;
			knownRegions = (
				en,
				Base,
			);
			mainGroup = F85B04771D9A85D000D5F27D;
			productRefGroup = F85B04811D9A85D000D5F27D /* Products */;
			projectDirPath = "";
			projectRoot = "";
			targets = (
				F85B047F1D9A85D000D5F27D /* Clindecision */,
				F85B04971D9A85D000D5F27D /* ClindecisionTests */,
			);
		};
/* End PBXProject section */

/* Begin PBXResourcesBuildPhase section */
		F85B047E1D9A85D000D5F27D /* Resources */ = {
			isa = PBXResourcesBuildPhase;
			buildActionMask = 2147483647;
			files = (
				F85B048E1D9A85D000D5F27D /* Main.storyboard in Resources */,
				F85B04931D9A85D000D5F27D /* LaunchScreen.xib in Resources */,
				F85B04901D9A85D000D5F27D /* Images.xcassets in Resources */,
			);
			runOnlyForDeploymentPostprocessing = 0;
		};
		F85B04961D9A85D000D5F27D /* Resources */ = {
			isa = PBXResourcesBuildPhase;
			buildActionMask = 2147483647;
			files = (
			);
			runOnlyForDeploymentPostprocessing = 0;
		};
/* End PBXResourcesBuildPhase section */

/* Begin PBXSourcesBuildPhase section */
		F85B047C1D9A85D000D5F27D /* Sources */ = {
			isa = PBXSourcesBuildPhase;
			buildActionMask = 2147483647;
			files = (
				F82387861D9A871F00AC1E56 /* SymptomTableViewController.swift in Sources */,
				F85B04861D9A85D000D5F27D /* AppDelegate.swift in Sources */,
				F85B04891D9A85D000D5F27D /* Clindecision.xcdatamodeld in Sources */,
				F8E7EF4F1D9AE0D600558082 /* BradycardiaViewController.swift in Sources */,
			);
			runOnlyForDeploymentPostprocessing = 0;
		};
		F85B04941D9A85D000D5F27D /* Sources */ = {
			isa = PBXSourcesBuildPhase;
			buildActionMask = 2147483647;
			files = (
				F85B049F1D9A85D000D5F27D /* ClindecisionTests.swift in Sources */,
			);
			runOnlyForDeploymentPostprocessing = 0;
		};
/* End PBXSourcesBuildPhase section */

/* Begin PBXTargetDependency section */
		F85B049A1D9A85D000D5F27D /* PBXTargetDependency */ = {
			isa = PBXTargetDependency;
			target = F85B047F1D9A85D000D5F27D /* Clindecision */;
			targetProxy = F85B04991D9A85D000D5F27D /* PBXContainerItemProxy */;
		};
/* End PBXTargetDependency section */

/* Begin PBXVariantGroup section */
		F85B048C1D9A85D000D5F27D /* Main.storyboard */ = {
			isa = PBXVariantGroup;
			children = (
				F85B048D1D9A85D000D5F27D /* Base */,
			);
			name = Main.storyboard;
			sourceTree = "<group>";
		};
		F85B04911D9A85D000D5F27D /* LaunchScreen.xib */ = {
			isa = PBXVariantGroup;
			children = (
				F85B04921D9A85D000D5F27D /* Base */,
			);
			name = LaunchScreen.xib;
			sourceTree = "<group>";
		};
/* End PBXVariantGroup section */

/* Begin XCBuildConfiguration section */
		F85B04A01D9A85D000D5F27D /* Debug */ = {
			isa = XCBuildConfiguration;
			buildSettings = {
				ALWAYS_SEARCH_USER_PATHS = NO;
				CLANG_CXX_LANGUAGE_STANDARD = "gnu++0x";
				CLANG_CXX_LIBRARY = "libc++";
				CLANG_ENABLE_MODULES = YES;
				CLANG_ENABLE_OBJC_ARC = YES;
				CLANG_WARN_BOOL_CONVERSION = YES;
				CLANG_WARN_CONSTANT_CONVERSION = YES;
				CLANG_WARN_DIRECT_OBJC_ISA_USAGE = YES_ERROR;
				CLANG_WARN_EMPTY_BODY = YES;
				CLANG_WARN_ENUM_CONVERSION = YES;
				CLANG_WARN_INT_CONVERSION = YES;
				CLANG_WARN_OBJC_ROOT_CLASS = YES_ERROR;
				CLANG_WARN_UNREACHABLE_CODE = YES;
				CLANG_WARN__DUPLICATE_METHOD_MATCH = YES;
				"CODE_SIGN_IDENTITY[sdk=iphoneos*]" = "iPhone Developer";
				COPY_PHASE_STRIP = NO;
				DEBUG_INFORMATION_FORMAT = "dwarf-with-dsym";
				ENABLE_STRICT_OBJC_MSGSEND = YES;
				GCC_C_LANGUAGE_STANDARD = gnu99;
				GCC_DYNAMIC_NO_PIC = NO;
				GCC_NO_COMMON_BLOCKS = YES;
				GCC_OPTIMIZATION_LEVEL = 0;
				GCC_PREPROCESSOR_DEFINITIONS = (
					"DEBUG=1",
					"$(inherited)",
				);
				GCC_SYMBOLS_PRIVATE_EXTERN = NO;
				GCC_WARN_64_TO_32_BIT_CONVERSION = YES;
				GCC_WARN_ABOUT_RETURN_TYPE = YES_ERROR;
				GCC_WARN_UNDECLARED_SELECTOR = YES;
				GCC_WARN_UNINITIALIZED_AUTOS = YES_AGGRESSIVE;
				GCC_WARN_UNUSED_FUNCTION = YES;
				GCC_WARN_UNUSED_VARIABLE = YES;
				IPHONEOS_DEPLOYMENT_TARGET = 8.4;
				MTL_ENABLE_DEBUG_INFO = YES;
				ONLY_ACTIVE_ARCH = YES;
				SDKROOT = iphoneos;
				SWIFT_OPTIMIZATION_LEVEL = "-Onone";
				TARGETED_DEVICE_FAMILY = "1,2";
			};
			name = Debug;
		};
		F85B04A11D9A85D000D5F27D /* Release */ = {
			isa = XCBuildConfiguration;
			buildSettings = {
				ALWAYS_SEARCH_USER_PATHS = NO;
				CLANG_CXX_LANGUAGE_STANDARD = "gnu++0x";
				CLANG_CXX_LIBRARY = "libc++";
				CLANG_ENABLE_MODULES = YES;
				CLANG_ENABLE_OBJC_ARC = YES;
				CLANG_WARN_BOOL_CONVERSION = YES;
				CLANG_WARN_CONSTANT_CONVERSION = YES;
				CLANG_WARN_DIRECT_OBJC_ISA_USAGE = YES_ERROR;
				CLANG_WARN_EMPTY_BODY = YES;
				CLANG_WARN_ENUM_CONVERSION = YES;
				CLANG_WARN_INT_CONVERSION = YES;
				CLANG_WARN_OBJC_ROOT_CLASS = YES_ERROR;
				CLANG_WARN_UNREACHABLE_CODE = YES;
				CLANG_WARN__DUPLICATE_METHOD_MATCH = YES;
				"CODE_SIGN_IDENTITY[sdk=iphoneos*]" = "iPhone Developer";
				COPY_PHASE_STRIP = NO;
				DEBUG_INFORMATION_FORMAT = "dwarf-with-dsym";
				ENABLE_NS_ASSERTIONS = NO;
				ENABLE_STRICT_OBJC_MSGSEND = YES;
				GCC_C_LANGUAGE_STANDARD = gnu99;
				GCC_NO_COMMON_BLOCKS = YES;
				GCC_WARN_64_TO_32_BIT_CONVERSION = YES;
				GCC_WARN_ABOUT_RETURN_TYPE = YES_ERROR;
				GCC_WARN_UNDECLARED_SELECTOR = YES;
				GCC_WARN_UNINITIALIZED_AUTOS = YES_AGGRESSIVE;
				GCC_WARN_UNUSED_FUNCTION = YES;
				GCC_WARN_UNUSED_VARIABLE = YES;
				IPHONEOS_DEPLOYMENT_TARGET = 8.4;
				MTL_ENABLE_DEBUG_INFO = NO;
				SDKROOT = iphoneos;
				TARGETED_DEVICE_FAMILY = "1,2";
				VALIDATE_PRODUCT = YES;
			};
			name = Release;
		};
		F85B04A31D9A85D000D5F27D /* Debug */ = {
			isa = XCBuildConfiguration;
			buildSettings = {
				ASSETCATALOG_COMPILER_APPICON_NAME = AppIcon;
				INFOPLIST_FILE = Clindecision/Info.plist;
				LD_RUNPATH_SEARCH_PATHS = "$(inherited) @executable_path/Frameworks";
				PRODUCT_NAME = "$(TARGET_NAME)";
			};
			name = Debug;
		};
		F85B04A41D9A85D000D5F27D /* Release */ = {
			isa = XCBuildConfiguration;
			buildSettings = {
				ASSETCATALOG_COMPILER_APPICON_NAME = AppIcon;
				INFOPLIST_FILE = Clindecision/Info.plist;
				LD_RUNPATH_SEARCH_PATHS = "$(inherited) @executable_path/Frameworks";
				PRODUCT_NAME = "$(TARGET_NAME)";
			};
			name = Release;
		};
		F85B04A61D9A85D000D5F27D /* Debug */ = {
			isa = XCBuildConfiguration;
			buildSettings = {
				BUNDLE_LOADER = "$(TEST_HOST)";
				FRAMEWORK_SEARCH_PATHS = (
					"$(SDKROOT)/Developer/Library/Frameworks",
					"$(inherited)",
				);
				GCC_PREPROCESSOR_DEFINITIONS = (
					"DEBUG=1",
					"$(inherited)",
				);
				INFOPLIST_FILE = ClindecisionTests/Info.plist;
				LD_RUNPATH_SEARCH_PATHS = "$(inherited) @executable_path/Frameworks @loader_path/Frameworks";
				PRODUCT_NAME = "$(TARGET_NAME)";
				TEST_HOST = "$(BUILT_PRODUCTS_DIR)/Clindecision.app/Clindecision";
			};
			name = Debug;
		};
		F85B04A71D9A85D000D5F27D /* Release */ = {
			isa = XCBuildConfiguration;
			buildSettings = {
				BUNDLE_LOADER = "$(TEST_HOST)";
				FRAMEWORK_SEARCH_PATHS = (
					"$(SDKROOT)/Developer/Library/Frameworks",
					"$(inherited)",
				);
				INFOPLIST_FILE = ClindecisionTests/Info.plist;
				LD_RUNPATH_SEARCH_PATHS = "$(inherited) @executable_path/Frameworks @loader_path/Frameworks";
				PRODUCT_NAME = "$(TARGET_NAME)";
				TEST_HOST = "$(BUILT_PRODUCTS_DIR)/Clindecision.app/Clindecision";
			};
			name = Release;
		};
/* End XCBuildConfiguration section */

/* Begin XCConfigurationList section */
		F85B047B1D9A85D000D5F27D /* Build configuration list for PBXProject "Clindecision" */ = {
			isa = XCConfigurationList;
			buildConfigurations = (
				F85B04A01D9A85D000D5F27D /* Debug */,
				F85B04A11D9A85D000D5F27D /* Release */,
			);
			defaultConfigurationIsVisible = 0;
			defaultConfigurationName = Release;
		};
		F85B04A21D9A85D000D5F27D /* Build configuration list for PBXNativeTarget "Clindecision" */ = {
			isa = XCConfigurationList;
			buildConfigurations = (
				F85B04A31D9A85D000D5F27D /* Debug */,
				F85B04A41D9A85D000D5F27D /* Release */,
			);
			defaultConfigurationIsVisible = 0;
			defaultConfigurationName = Release;
		};
		F85B04A51D9A85D000D5F27D /* Build configuration list for PBXNativeTarget "ClindecisionTests" */ = {
			isa = XCConfigurationList;
			buildConfigurations = (
				F85B04A61D9A85D000D5F27D /* Debug */,
				F85B04A71D9A85D000D5F27D /* Release */,
			);
			defaultConfigurationIsVisible = 0;
			defaultConfigurationName = Release;
		};
/* End XCConfigurationList section */

/* Begin XCVersionGroup section */
		F85B04871D9A85D000D5F27D /* Clindecision.xcdatamodeld */ = {
			isa = XCVersionGroup;
			children = (
				F85B04881D9A85D000D5F27D /* Clindecision.xcdatamodel */,
			);
			currentVersion = F85B04881D9A85D000D5F27D /* Clindecision.xcdatamodel */;
			path = Clindecision.xcdatamodeld;
			sourceTree = "<group>";
			versionGroupType = wrapper.xcdatamodel;
		};
/* End XCVersionGroup section */
	};
	rootObject = F85B04781D9A85D000D5F27D /* Project object */;
}
